
Microsoft Visual Studio Solution File, Format Version 12.00
# Visual Studio Version 16
VisualStudioVersion = 16.0.30907.101
MinimumVisualStudioVersion = 10.0.40219.1
Project("{FAE04EC0-301F-11D3-BF4B-00C04F79EFBC}") = "IncliForms.Android", "IncliForms\IncliForms.Android\IncliForms.Android.csproj", "{0E97E62A-3E6B-4B7A-B12E-BEA88F06839A}"
EndProject
Project("{FAE04EC0-301F-11D3-BF4B-00C04F79EFBC}") = "IncliForms", "IncliForms\IncliForms\IncliForms.csproj", "{C4480F91-27A5-4FCE-9537-D2F26A2BC902}"
EndProject
Global
	GlobalSection(SolutionConfigurationPlatforms) = preSolution
		Debug|Any CPU = Debug|Any CPU
		Release|Any CPU = Release|Any CPU
	EndGlobalSection
	GlobalSection(ProjectConfigurationPlatforms) = postSolution
		{0E97E62A-3E6B-4B7A-B12E-BEA88F06839A}.Debug|Any CPU.ActiveCfg = Debug|Any CPU
		{0E97E62A-3E6B-4B7A-B12E-BEA88F06839A}.Debug|Any CPU.Build.0 = Debug|Any CPU
		{0E97E62A-3E6B-4B7A-B12E-BEA88F06839A}.Debug|Any CPU.Deploy.0 = Debug|Any CPU
		{0E97E62A-3E6B-4B7A-B12E-BEA88F06839A}.Release|Any CPU.ActiveCfg = Release|Any CPU
		{0E97E62A-3E6B-4B7A-B12E-BEA88F06839A}.Release|Any CPU.Build.0 = Release|Any CPU
		{0E97E62A-3E6B-4B7A-B12E-BEA88F06839A}.Release|Any CPU.Deploy.0 = Release|Any CPU
		{C4480F91-27A5-4FCE-9537-D2F26A2BC902}.Debug|Any CPU.ActiveCfg = Debug|Any CPU
		{C4480F91-27A5-4FCE-9537-D2F26A2BC902}.Debug|Any CPU.Build.0 = Debug|Any CPU
		{C4480F91-27A5-4FCE-9537-D2F26A2BC902}.Debug|Any CPU.Deploy.0 = Debug|Any CPU
		{C4480F91-27A5-4FCE-9537-D2F26A2BC902}.Release|Any CPU.ActiveCfg = Release|Any CPU
		{C4480F91-27A5-4FCE-9537-D2F26A2BC902}.Release|Any CPU.Build.0 = Release|Any CPU
		{C4480F91-27A5-4FCE-9537-D2F26A2BC902}.Release|Any CPU.Deploy.0 = Release|Any CPU
	EndGlobalSection
	GlobalSection(SolutionProperties) = preSolution
		HideSolutionNode = FALSE
	EndGlobalSection
	GlobalSection(ExtensibilityGlobals) = postSolution
		SolutionGuid = {0EDE31F9-5D7E-4B48-9003-0D177CE19491}
	EndGlobalSection
EndGlobal
